
Microsoft Visual Studio Solution File, Format Version 11.00
# Visual Studio 2010
Project("{FAE04EC0-301F-11D3-BF4B-00C04F79EFBC}") = "PresenterDailyShower", "PresenterDailyShower\PresenterDailyShower.csproj", "{35DF9AAA-F8FF-495B-8239-0DD7D153A15F}"
EndProject
Global
	GlobalSection(SolutionConfigurationPlatforms) = preSolution
		Debug|Any CPU = Debug|Any CPU
		Release|Any CPU = Release|Any CPU
	EndGlobalSection
	GlobalSection(ProjectConfigurationPlatforms) = postSolution
		{35DF9AAA-F8FF-495B-8239-0DD7D153A15F}.Debug|Any CPU.ActiveCfg = Debug|Any CPU
		{35DF9AAA-F8FF-495B-8239-0DD7D153A15F}.Debug|Any CPU.Build.0 = Debug|Any CPU
		{35DF9AAA-F8FF-495B-8239-0DD7D153A15F}.Release|Any CPU.ActiveCfg = Release|Any CPU
		{35DF9AAA-F8FF-495B-8239-0DD7D153A15F}.Release|Any CPU.Build.0 = Release|Any CPU
	EndGlobalSection
	GlobalSection(MonoDevelopProperties) = preSolution
		StartupItem = PresenterDailyShower\PresenterDailyShower.csproj
	EndGlobalSection
EndGlobal
